
Microsoft Visual Studio Solution File, Format Version 12.00
# Visual Studio Version 16
VisualStudioVersion = 16.0.29728.190
MinimumVisualStudioVersion = 10.0.40219.1
Project("{FAE04EC0-301F-11D3-BF4B-00C04F79EFBC}") = "MusicScales", "MusicScales\MusicScales.csproj", "{6E944354-B269-49BB-813A-FA1593DBEF4B}"
EndProject
Global
	GlobalSection(SolutionConfigurationPlatforms) = preSolution
		Debug|Any CPU = Debug|Any CPU
		Release|Any CPU = Release|Any CPU
	EndGlobalSection
	GlobalSection(ProjectConfigurationPlatforms) = postSolution
		{6E944354-B269-49BB-813A-FA1593DBEF4B}.Debug|Any CPU.ActiveCfg = Debug|Any CPU
		{6E944354-B269-49BB-813A-FA1593DBEF4B}.Debug|Any CPU.Build.0 = Debug|Any CPU
		{6E944354-B269-49BB-813A-FA1593DBEF4B}.Release|Any CPU.ActiveCfg = Release|Any CPU
		{6E944354-B269-49BB-813A-FA1593DBEF4B}.Release|Any CPU.Build.0 = Release|Any CPU
	EndGlobalSection
	GlobalSection(SolutionProperties) = preSolution
		HideSolutionNode = FALSE
	EndGlobalSection
	GlobalSection(ExtensibilityGlobals) = postSolution
		SolutionGuid = {04700567-778D-41CD-AE63-16468128D891}
	EndGlobalSection
EndGlobal
